
Microsoft Visual Studio Solution File, Format Version 12.00
# Visual Studio 15
VisualStudioVersion = 15.0.28307.438
MinimumVisualStudioVersion = 10.0.40219.1
Project("{9A19103F-16F7-4668-BE54-9A1E7A4F7556}") = "ArquivoRemessa", "ClassLibraryTest\ArquivoRemessa.csproj", "{766B87BA-3E4F-4BFE-A107-B6476AE594B2}"
EndProject
Project("{9A19103F-16F7-4668-BE54-9A1E7A4F7556}") = "ConsoleAppTest", "ConsoleAppTest\ConsoleAppTest.csproj", "{13B899E0-387D-46C6-A5A1-F1324BDC41FC}"
EndProject
Project("{9A19103F-16F7-4668-BE54-9A1E7A4F7556}") = "XUnitTestProject1", "XUnitTestProject1\XUnitTestProject1.csproj", "{4F714168-4E6B-4EB3-B8F1-611A511662B0}"
EndProject
Project("{FAE04EC0-301F-11D3-BF4B-00C04F79EFBC}") = "ArquivoRetorno", "ArquivoRetorno\ArquivoRetorno.csproj", "{2671A5FC-4613-49A6-89BB-FA0E47B38B80}"
EndProject
Project("{FAE04EC0-301F-11D3-BF4B-00C04F79EFBC}") = "Util", "Util\Util.csproj", "{41AA5C94-188D-4E3B-8196-4A17D31F680F}"
EndProject
Global
	GlobalSection(SolutionConfigurationPlatforms) = preSolution
		Debug|Any CPU = Debug|Any CPU
		Release|Any CPU = Release|Any CPU
	EndGlobalSection
	GlobalSection(ProjectConfigurationPlatforms) = postSolution
		{766B87BA-3E4F-4BFE-A107-B6476AE594B2}.Debug|Any CPU.ActiveCfg = Debug|Any CPU
		{766B87BA-3E4F-4BFE-A107-B6476AE594B2}.Debug|Any CPU.Build.0 = Debug|Any CPU
		{766B87BA-3E4F-4BFE-A107-B6476AE594B2}.Release|Any CPU.ActiveCfg = Release|Any CPU
		{766B87BA-3E4F-4BFE-A107-B6476AE594B2}.Release|Any CPU.Build.0 = Release|Any CPU
		{13B899E0-387D-46C6-A5A1-F1324BDC41FC}.Debug|Any CPU.ActiveCfg = Debug|Any CPU
		{13B899E0-387D-46C6-A5A1-F1324BDC41FC}.Debug|Any CPU.Build.0 = Debug|Any CPU
		{13B899E0-387D-46C6-A5A1-F1324BDC41FC}.Release|Any CPU.ActiveCfg = Release|Any CPU
		{13B899E0-387D-46C6-A5A1-F1324BDC41FC}.Release|Any CPU.Build.0 = Release|Any CPU
		{4F714168-4E6B-4EB3-B8F1-611A511662B0}.Debug|Any CPU.ActiveCfg = Debug|Any CPU
		{4F714168-4E6B-4EB3-B8F1-611A511662B0}.Debug|Any CPU.Build.0 = Debug|Any CPU
		{4F714168-4E6B-4EB3-B8F1-611A511662B0}.Release|Any CPU.ActiveCfg = Release|Any CPU
		{4F714168-4E6B-4EB3-B8F1-611A511662B0}.Release|Any CPU.Build.0 = Release|Any CPU
		{2671A5FC-4613-49A6-89BB-FA0E47B38B80}.Debug|Any CPU.ActiveCfg = Debug|Any CPU
		{2671A5FC-4613-49A6-89BB-FA0E47B38B80}.Debug|Any CPU.Build.0 = Debug|Any CPU
		{2671A5FC-4613-49A6-89BB-FA0E47B38B80}.Release|Any CPU.ActiveCfg = Release|Any CPU
		{2671A5FC-4613-49A6-89BB-FA0E47B38B80}.Release|Any CPU.Build.0 = Release|Any CPU
		{41AA5C94-188D-4E3B-8196-4A17D31F680F}.Debug|Any CPU.ActiveCfg = Debug|Any CPU
		{41AA5C94-188D-4E3B-8196-4A17D31F680F}.Debug|Any CPU.Build.0 = Debug|Any CPU
		{41AA5C94-188D-4E3B-8196-4A17D31F680F}.Release|Any CPU.ActiveCfg = Release|Any CPU
		{41AA5C94-188D-4E3B-8196-4A17D31F680F}.Release|Any CPU.Build.0 = Release|Any CPU
	EndGlobalSection
	GlobalSection(SolutionProperties) = preSolution
		HideSolutionNode = FALSE
	EndGlobalSection
	GlobalSection(ExtensibilityGlobals) = postSolution
		SolutionGuid = {D627B538-524A-4EAF-AB9B-650865F934A8}
	EndGlobalSection
EndGlobal
